
Microsoft Visual Studio Solution File, Format Version 12.00
# Visual Studio Version 17
VisualStudioVersion = 17.3.32825.248
MinimumVisualStudioVersion = 10.0.40219.1
Project("{FAE04EC0-301F-11D3-BF4B-00C04F79EFBC}") = "WpfApp2", "WpfApp2.csproj", "{F2E6626D-5377-46E0-8DED-A04855E27895}"
EndProject
Global
	GlobalSection(SolutionConfigurationPlatforms) = preSolution
		Debug|Any CPU = Debug|Any CPU
		Release|Any CPU = Release|Any CPU
	EndGlobalSection
	GlobalSection(ProjectConfigurationPlatforms) = postSolution
		{F2E6626D-5377-46E0-8DED-A04855E27895}.Debug|Any CPU.ActiveCfg = Debug|Any CPU
		{F2E6626D-5377-46E0-8DED-A04855E27895}.Debug|Any CPU.Build.0 = Debug|Any CPU
		{F2E6626D-5377-46E0-8DED-A04855E27895}.Release|Any CPU.ActiveCfg = Release|Any CPU
		{F2E6626D-5377-46E0-8DED-A04855E27895}.Release|Any CPU.Build.0 = Release|Any CPU
	EndGlobalSection
	GlobalSection(SolutionProperties) = preSolution
		HideSolutionNode = FALSE
	EndGlobalSection
	GlobalSection(ExtensibilityGlobals) = postSolution
		SolutionGuid = {5D38BA0C-CEF5-4161-B933-4C52EBE167CD}
	EndGlobalSection
EndGlobal
